
Microsoft Visual Studio Solution File, Format Version 12.00
Project("{FAE04EC0-301F-11D3-BF4B-00C04F79EFBC}") = "FullTextSearchApi", "FullTextSearchApi\FullTextSearchApi.csproj", "{A5630930-0CC7-4EC3-A74E-EA5BAF1DD5BF}"
EndProject
Project("{FAE04EC0-301F-11D3-BF4B-00C04F79EFBC}") = "FullTextSearchApiTests", "FullTextSearchApiTests\FullTextSearchApiTests.csproj", "{A689BB7E-844B-4288-8211-430BCAB0EE05}"
EndProject
Global
	GlobalSection(SolutionConfigurationPlatforms) = preSolution
		Debug|Any CPU = Debug|Any CPU
		Release|Any CPU = Release|Any CPU
	EndGlobalSection
	GlobalSection(ProjectConfigurationPlatforms) = postSolution
		{A5630930-0CC7-4EC3-A74E-EA5BAF1DD5BF}.Debug|Any CPU.ActiveCfg = Debug|Any CPU
		{A5630930-0CC7-4EC3-A74E-EA5BAF1DD5BF}.Debug|Any CPU.Build.0 = Debug|Any CPU
		{A5630930-0CC7-4EC3-A74E-EA5BAF1DD5BF}.Release|Any CPU.ActiveCfg = Release|Any CPU
		{A5630930-0CC7-4EC3-A74E-EA5BAF1DD5BF}.Release|Any CPU.Build.0 = Release|Any CPU
		{A689BB7E-844B-4288-8211-430BCAB0EE05}.Debug|Any CPU.ActiveCfg = Debug|Any CPU
		{A689BB7E-844B-4288-8211-430BCAB0EE05}.Debug|Any CPU.Build.0 = Debug|Any CPU
		{A689BB7E-844B-4288-8211-430BCAB0EE05}.Release|Any CPU.ActiveCfg = Release|Any CPU
		{A689BB7E-844B-4288-8211-430BCAB0EE05}.Release|Any CPU.Build.0 = Release|Any CPU
	EndGlobalSection
EndGlobal
